// !$*UTF8*$!
{
	archiveVersion = 1;
	classes = {
	};
	objectVersion = 46;
	objects = {

/* Begin PBXBuildFile section */
		6E21AD6F1C5BDB6700CA8983 /* AppDelegate.swift in Sources */ = {isa = PBXBuildFile; fileRef = 6E21AD6E1C5BDB6700CA8983 /* AppDelegate.swift */; };
		6E21AD711C5BDB6700CA8983 /* ViewController.swift in Sources */ = {isa = PBXBuildFile; fileRef = 6E21AD701C5BDB6700CA8983 /* ViewController.swift */; };
		6E21AD741C5BDB6700CA8983 /* Main.storyboard in Resources */ = {isa = PBXBuildFile; fileRef = 6E21AD721C5BDB6700CA8983 /* Main.storyboard */; };
		6E21AD761C5BDB6700CA8983 /* Assets.xcassets in Resources */ = {isa = PBXBuildFile; fileRef = 6E21AD751C5BDB6700CA8983 /* Assets.xcassets */; };
		6E21AD791C5BDB6700CA8983 /* LaunchScreen.storyboard in Resources */ = {isa = PBXBuildFile; fileRef = 6E21AD771C5BDB6700CA8983 /* LaunchScreen.storyboard */; };
		6E9346931C5BDD910029B459 /* ReactiveCocoa.framework in Frameworks */ = {isa = PBXBuildFile; fileRef = 6E9346911C5BDD910029B459 /* ReactiveCocoa.framework */; };
		6E9346941C5BDD910029B459 /* Result.framework in Frameworks */ = {isa = PBXBuildFile; fileRef = 6E9346921C5BDD910029B459 /* Result.framework */; };
		6EB0ADE21C5D023800619B6F /* ViewModel.swift in Sources */ = {isa = PBXBuildFile; fileRef = 6EB0ADE11C5D023800619B6F /* ViewModel.swift */; };
/* End PBXBuildFile section */

/* Begin PBXFileReference section */
		6E21AD6B1C5BDB6700CA8983 /* CarthageTest.app */ = {isa = PBXFileReference; explicitFileType = wrapper.application; includeInIndex = 0; path = CarthageTest.app; sourceTree = BUILT_PRODUCTS_DIR; };
		6E21AD6E1C5BDB6700CA8983 /* AppDelegate.swift */ = {isa = PBXFileReference; lastKnownFileType = sourcecode.swift; path = AppDelegate.swift; sourceTree = "<group>"; };
		6E21AD701C5BDB6700CA8983 /* ViewController.swift */ = {isa = PBXFileReference; lastKnownFileType = sourcecode.swift; path = ViewController.swift; sourceTree = "<group>"; };
		6E21AD731C5BDB6700CA8983 /* Base */ = {isa = PBXFileReference; lastKnownFileType = file.storyboard; name = Base; path = Base.lproj/Main.storyboard; sourceTree = "<group>"; };
		6E21AD751C5BDB6700CA8983 /* Assets.xcassets */ = {isa = PBXFileReference; lastKnownFileType = folder.assetcatalog; path = Assets.xcassets; sourceTree = "<group>"; };
		6E21AD781C5BDB6700CA8983 /* Base */ = {isa = PBXFileReference; lastKnownFileType = file.storyboard; name = Base; path = Base.lproj/LaunchScreen.storyboard; sourceTree = "<group>"; };
		6E21AD7A1C5BDB6700CA8983 /* Info.plist */ = {isa = PBXFileReference; lastKnownFileType = text.plist.xml; path = Info.plist; sourceTree = "<group>"; };
		6E9346911C5BDD910029B459 /* ReactiveCocoa.framework */ = {isa = PBXFileReference; lastKnownFileType = wrapper.framework; name = ReactiveCocoa.framework; path = Carthage/Build/iOS/ReactiveCocoa.framework; sourceTree = "<group>"; };
		6E9346921C5BDD910029B459 /* Result.framework */ = {isa = PBXFileReference; lastKnownFileType = wrapper.framework; name = Result.framework; path = Carthage/Build/iOS/Result.framework; sourceTree = "<group>"; };
		6EB0ADE11C5D023800619B6F /* ViewModel.swift */ = {isa = PBXFileReference; fileEncoding = 4; lastKnownFileType = sourcecode.swift; path = ViewModel.swift; sourceTree = "<group>"; };
/* End PBXFileReference section */

/* Begin PBXFrameworksBuildPhase section */
		6E21AD681C5BDB6700CA8983 /* Frameworks */ = {
			isa = PBXFrameworksBuildPhase;
			buildActionMask = 2147483647;
			files = (
				6E9346931C5BDD910029B459 /* ReactiveCocoa.framework in Frameworks */,
				6E9346941C5BDD910029B459 /* Result.framework in Frameworks */,
			);
			runOnlyForDeploymentPostprocessing = 0;
		};
/* End PBXFrameworksBuildPhase section */

/* Begin PBXGroup section */
		6E21AD621C5BDB6700CA8983 = {
			isa = PBXGroup;
			children = (
				6E9346911C5BDD910029B459 /* ReactiveCocoa.framework */,
				6E9346921C5BDD910029B459 /* Result.framework */,
				6E21AD6D1C5BDB6700CA8983 /* CarthageTest */,
				6E21AD6C1C5BDB6700CA8983 /* Products */,
			);
			sourceTree = "<group>";
		};
		6E21AD6C1C5BDB6700CA8983 /* Products */ = {
			isa = PBXGroup;
			children = (
				6E21AD6B1C5BDB6700CA8983 /* CarthageTest.app */,
			);
			name = Products;
			sourceTree = "<group>";
		};
		6E21AD6D1C5BDB6700CA8983 /* CarthageTest */ = {
			isa = PBXGroup;
			children = (
				6E21AD6E1C5BDB6700CA8983 /* AppDelegate.swift */,
				6E21AD701C5BDB6700CA8983 /* ViewController.swift */,
				6E21AD721C5BDB6700CA8983 /* Main.storyboard */,
				6E21AD751C5BDB6700CA8983 /* Assets.xcassets */,
				6E21AD771C5BDB6700CA8983 /* LaunchScreen.storyboard */,
				6E21AD7A1C5BDB6700CA8983 /* Info.plist */,
				6EB0ADE11C5D023800619B6F /* ViewModel.swift */,
			);
			path = CarthageTest;
			sourceTree = "<group>";
		};
/* End PBXGroup section */

/* Begin PBXNativeTarget section */
		6E21AD6A1C5BDB6700CA8983 /* CarthageTest */ = {
			isa = PBXNativeTarget;
			buildConfigurationList = 6E21AD7D1C5BDB6700CA8983 /* Build configuration list for PBXNativeTarget "CarthageTest" */;
			buildPhases = (
				6E21AD671C5BDB6700CA8983 /* Sources */,
				6E21AD681C5BDB6700CA8983 /* Frameworks */,
				6E21AD691C5BDB6700CA8983 /* Resources */,
				6E9346951C5BDDB70029B459 /* ShellScript */,
			);
			buildRules = (
			);
			dependencies = (
			);
			name = CarthageTest;
			productName = CarthageTest;
			productReference = 6E21AD6B1C5BDB6700CA8983 /* CarthageTest.app */;
			productType = "com.apple.product-type.application";
		};
/* End PBXNativeTarget section */

/* Begin PBXProject section */
		6E21AD631C5BDB6700CA8983 /* Project object */ = {
			isa = PBXProject;
			attributes = {
				LastSwiftUpdateCheck = 0720;
				LastUpgradeCheck = 1020;
				ORGANIZATIONNAME = "Anton Efimenko";
				TargetAttributes = {
					6E21AD6A1C5BDB6700CA8983 = {
						CreatedOnToolsVersion = 7.2;
						DevelopmentTeam = L4FET847JL;
						LastSwiftMigration = 1020;
					};
				};
			};
			buildConfigurationList = 6E21AD661C5BDB6700CA8983 /* Build configuration list for PBXProject "CarthageTest" */;
			compatibilityVersion = "Xcode 3.2";
			developmentRegion = en;
			hasScannedForEncodings = 0;
			knownRegions = (
				en,
				Base,
			);
			mainGroup = 6E21AD621C5BDB6700CA8983;
			productRefGroup = 6E21AD6C1C5BDB6700CA8983 /* Products */;
			projectDirPath = "";
			projectRoot = "";
			targets = (
				6E21AD6A1C5BDB6700CA8983 /* CarthageTest */,
			);
		};
/* End PBXProject section */

/* Begin PBXResourcesBuildPhase section */
		6E21AD691C5BDB6700CA8983 /* Resources */ = {
			isa = PBXResourcesBuildPhase;
			buildActionMask = 2147483647;
			files = (
				6E21AD791C5BDB6700CA8983 /* LaunchScreen.storyboard in Resources */,
				6E21AD761C5BDB6700CA8983 /* Assets.xcassets in Resources */,
				6E21AD741C5BDB6700CA8983 /* Main.storyboard in Resources */,
			);
			runOnlyForDeploymentPostprocessing = 0;
		};
/* End PBXResourcesBuildPhase section */

/* Begin PBXShellScriptBuildPhase section */
		6E9346951C5BDDB70029B459 /* ShellScript */ = {
			isa = PBXShellScriptBuildPhase;
			buildActionMask = 2147483647;
			files = (
			);
			inputPaths = (
				"$(SRCROOT)/Carthage/Build/iOS/Result.framework",
				"$(SRCROOT)/Carthage/Build/iOS/ReactiveCocoa.framework",
			);
			outputPaths = (
			);
			runOnlyForDeploymentPostprocessing = 0;
			shellPath = /bin/sh;
			shellScript = "/usr/local/bin/carthage copy-frameworks";
		};
/* End PBXShellScriptBuildPhase section */

/* Begin PBXSourcesBuildPhase section */
		6E21AD671C5BDB6700CA8983 /* Sources */ = {
			isa = PBXSourcesBuildPhase;
			buildActionMask = 2147483647;
			files = (
				6E21AD711C5BDB6700CA8983 /* ViewController.swift in Sources */,
				6EB0ADE21C5D023800619B6F /* ViewModel.swift in Sources */,
				6E21AD6F1C5BDB6700CA8983 /* AppDelegate.swift in Sources */,
			);
			runOnlyForDeploymentPostprocessing = 0;
		};
/* End PBXSourcesBuildPhase section */

/* Begin PBXVariantGroup section */
		6E21AD721C5BDB6700CA8983 /* Main.storyboard */ = {
			isa = PBXVariantGroup;
			children = (
				6E21AD731C5BDB6700CA8983 /* Base */,
			);
			name = Main.storyboard;
			sourceTree = "<group>";
		};
		6E21AD771C5BDB6700CA8983 /* LaunchScreen.storyboard */ = {
			isa = PBXVariantGroup;
			children = (
				6E21AD781C5BDB6700CA8983 /* Base */,
			);
			name = LaunchScreen.storyboard;
			sourceTree = "<group>";
		};
/* End PBXVariantGroup section */

/* Begin XCBuildConfiguration section */
		6E21AD7B1C5BDB6700CA8983 /* Debug */ = {
			isa = XCBuildConfiguration;
			buildSettings = {
				ALWAYS_SEARCH_USER_PATHS = NO;
				CLANG_ANALYZER_LOCALIZABILITY_NONLOCALIZED = YES;
				CLANG_CXX_LANGUAGE_STANDARD = "gnu++0x";
				CLANG_CXX_LIBRARY = "libc++";
				CLANG_ENABLE_MODULES = YES;
				CLANG_ENABLE_OBJC_ARC = YES;
				CLANG_WARN_BLOCK_CAPTURE_AUTORELEASING = YES;
				CLANG_WARN_BOOL_CONVERSION = YES;
				CLANG_WARN_COMMA = YES;
				CLANG_WARN_CONSTANT_CONVERSION = YES;
				CLANG_WARN_DEPRECATED_OBJC_IMPLEMENTATIONS = YES;
				CLANG_WARN_DIRECT_OBJC_ISA_USAGE = YES_ERROR;
				CLANG_WARN_EMPTY_BODY = YES;
				CLANG_WARN_ENUM_CONVERSION = YES;
				CLANG_WARN_INFINITE_RECURSION = YES;
				CLANG_WARN_INT_CONVERSION = YES;
				CLANG_WARN_NON_LITERAL_NULL_CONVERSION = YES;
				CLANG_WARN_OBJC_IMPLICIT_RETAIN_SELF = YES;
				CLANG_WARN_OBJC_LITERAL_CONVERSION = YES;
				CLANG_WARN_OBJC_ROOT_CLASS = YES_ERROR;
				CLANG_WARN_RANGE_LOOP_ANALYSIS = YES;
				CLANG_WARN_STRICT_PROTOTYPES = YES;
				CLANG_WARN_SUSPICIOUS_MOVE = YES;
				CLANG_WARN_UNREACHABLE_CODE = YES;
				CLANG_WARN__DUPLICATE_METHOD_MATCH = YES;
				"CODE_SIGN_IDENTITY[sdk=iphoneos*]" = "iPhone Developer";
				COPY_PHASE_STRIP = NO;
				DEBUG_INFORMATION_FORMAT = dwarf;
				ENABLE_STRICT_OBJC_MSGSEND = YES;
				ENABLE_TESTABILITY = YES;
				GCC_C_LANGUAGE_STANDARD = gnu99;
				GCC_DYNAMIC_NO_PIC = NO;
				GCC_NO_COMMON_BLOCKS = YES;
				GCC_OPTIMIZATION_LEVEL = 0;
				GCC_PREPROCESSOR_DEFINITIONS = (
					"DEBUG=1",
					"$(inherited)",
				);
				GCC_WARN_64_TO_32_BIT_CONVERSION = YES;
				GCC_WARN_ABOUT_RETURN_TYPE = YES_ERROR;
				GCC_WARN_UNDECLARED_SELECTOR = YES;
				GCC_WARN_UNINITIALIZED_AUTOS = YES_AGGRESSIVE;
				GCC_WARN_UNUSED_FUNCTION = YES;
				GCC_WARN_UNUSED_VARIABLE = YES;
				IPHONEOS_DEPLOYMENT_TARGET = 12.2;
				MTL_ENABLE_DEBUG_INFO = YES;
				ONLY_ACTIVE_ARCH = YES;
				SDKROOT = iphoneos;
				SWIFT_OPTIMIZATION_LEVEL = "-Onone";
				TARGETED_DEVICE_FAMILY = "1,2";
			};
			name = Debug;
		};
		6E21AD7C1C5BDB6700CA8983 /* Release */ = {
			isa = XCBuildConfiguration;
			buildSettings = {
				ALWAYS_SEARCH_USER_PATHS = NO;
				CLANG_ANALYZER_LOCALIZABILITY_NONLOCALIZED = YES;
				CLANG_CXX_LANGUAGE_STANDARD = "gnu++0x";
				CLANG_CXX_LIBRARY = "libc++";
				CLANG_ENABLE_MODULES = YES;
				CLANG_ENABLE_OBJC_ARC = YES;
				CLANG_WARN_BLOCK_CAPTURE_AUTORELEASING = YES;
				CLANG_WARN_BOOL_CONVERSION = YES;
				CLANG_WARN_COMMA = YES;
				CLANG_WARN_CONSTANT_CONVERSION = YES;
				CLANG_WARN_DEPRECATED_OBJC_IMPLEMENTATIONS = YES;
				CLANG_WARN_DIRECT_OBJC_ISA_USAGE = YES_ERROR;
				CLANG_WARN_EMPTY_BODY = YES;
				CLANG_WARN_ENUM_CONVERSION = YES;
				CLANG_WARN_INFINITE_RECURSION = YES;
				CLANG_WARN_INT_CONVERSION = YES;
				CLANG_WARN_NON_LITERAL_NULL_CONVERSION = YES;
				CLANG_WARN_OBJC_IMPLICIT_RETAIN_SELF = YES;
				CLANG_WARN_OBJC_LITERAL_CONVERSION = YES;
				CLANG_WARN_OBJC_ROOT_CLASS = YES_ERROR;
				CLANG_WARN_RANGE_LOOP_ANALYSIS = YES;
				CLANG_WARN_STRICT_PROTOTYPES = YES;
				CLANG_WARN_SUSPICIOUS_MOVE = YES;
				CLANG_WARN_UNREACHABLE_CODE = YES;
				CLANG_WARN__DUPLICATE_METHOD_MATCH = YES;
				"CODE_SIGN_IDENTITY[sdk=iphoneos*]" = "iPhone Developer";
				COPY_PHASE_STRIP = NO;
				DEBUG_INFORMATION_FORMAT = "dwarf-with-dsym";
				ENABLE_NS_ASSERTIONS = NO;
				ENABLE_STRICT_OBJC_MSGSEND = YES;
				GCC_C_LANGUAGE_STANDARD = gnu99;
				GCC_NO_COMMON_BLOCKS = YES;
				GCC_WARN_64_TO_32_BIT_CONVERSION = YES;
				GCC_WARN_ABOUT_RETURN_TYPE = YES_ERROR;
				GCC_WARN_UNDECLARED_SELECTOR = YES;
				GCC_WARN_UNINITIALIZED_AUTOS = YES_AGGRESSIVE;
				GCC_WARN_UNUSED_FUNCTION = YES;
				GCC_WARN_UNUSED_VARIABLE = YES;
				IPHONEOS_DEPLOYMENT_TARGET = 12.2;
				MTL_ENABLE_DEBUG_INFO = NO;
				SDKROOT = iphoneos;
				SWIFT_COMPILATION_MODE = wholemodule;
				TARGETED_DEVICE_FAMILY = "1,2";
				VALIDATE_PRODUCT = YES;
			};
			name = Release;
		};
		6E21AD7E1C5BDB6700CA8983 /* Debug */ = {
			isa = XCBuildConfiguration;
			buildSettings = {
				ASSETCATALOG_COMPILER_APPICON_NAME = AppIcon;
				DEVELOPMENT_TEAM = L4FET847JL;
				FRAMEWORK_SEARCH_PATHS = (
					"$(inherited)",
					"$(PROJECT_DIR)/Carthage/Build/iOS",
				);
				INFOPLIST_FILE = CarthageTest/Info.plist;
				LD_RUNPATH_SEARCH_PATHS = "$(inherited) @executable_path/Frameworks";
				PRODUCT_BUNDLE_IDENTIFIER = "com.buddybuild.sample-app.CarthageTest";
				PRODUCT_NAME = "$(TARGET_NAME)";
				SWIFT_VERSION = 5.0;
			};
			name = Debug;
		};
		6E21AD7F1C5BDB6700CA8983 /* Release */ = {
			isa = XCBuildConfiguration;
			buildSettings = {
				ASSETCATALOG_COMPILER_APPICON_NAME = AppIcon;
				DEVELOPMENT_TEAM = L4FET847JL;
				FRAMEWORK_SEARCH_PATHS = (
					"$(inherited)",
					"$(PROJECT_DIR)/Carthage/Build/iOS",
				);
				INFOPLIST_FILE = CarthageTest/Info.plist;
				LD_RUNPATH_SEARCH_PATHS = "$(inherited) @executable_path/Frameworks";
				PRODUCT_BUNDLE_IDENTIFIER = "com.buddybuild.sample-app.CarthageTest";
				PRODUCT_NAME = "$(TARGET_NAME)";
				SWIFT_VERSION = 5.0;
			};
			name = Release;
		};
/* End XCBuildConfiguration section */

/* Begin XCConfigurationList section */
		6E21AD661C5BDB6700CA8983 /* Build configuration list for PBXProject "CarthageTest" */ = {
			isa = XCConfigurationList;
			buildConfigurations = (
				6E21AD7B1C5BDB6700CA8983 /* Debug */,
				6E21AD7C1C5BDB6700CA8983 /* Release */,
			);
			defaultConfigurationIsVisible = 0;
			defaultConfigurationName = Release;
		};
		6E21AD7D1C5BDB6700CA8983 /* Build configuration list for PBXNativeTarget "CarthageTest" */ = {
			isa = XCConfigurationList;
			buildConfigurations = (
				6E21AD7E1C5BDB6700CA8983 /* Debug */,
				6E21AD7F1C5BDB6700CA8983 /* Release */,
			);
			defaultConfigurationIsVisible = 0;
			defaultConfigurationName = Release;
		};
/* End XCConfigurationList section */
	};
	rootObject = 6E21AD631C5BDB6700CA8983 /* Project object */;
}
